// !$*UTF8*$!
{
	archiveVersion = 1;
	classes = {
	};
	objectVersion = 48;
	objects = {

/* Begin PBXBuildFile section */
		F704FFB51FE40F650027F6C5 /* SnipsPlatform.framework in Copy Frameworks */ = {isa = PBXBuildFile; fileRef = F704FFB41FE40F600027F6C5 /* SnipsPlatform.framework */; settings = {ATTRIBUTES = (CodeSignOnCopy, RemoveHeadersOnCopy, ); }; };
		F7A8290520976BA7007554FE /* assistant in Resources */ = {isa = PBXBuildFile; fileRef = F7A8290420976BA7007554FE /* assistant */; };
		F7BB4FE21FBF2F56005243F0 /* Accelerate.framework in Frameworks */ = {isa = PBXBuildFile; fileRef = F7BB4FE11FBF2F40005243F0 /* Accelerate.framework */; };
		F7CF587A1FBD9FDA00027852 /* AppDelegate.swift in Sources */ = {isa = PBXBuildFile; fileRef = F7CF58791FBD9FDA00027852 /* AppDelegate.swift */; };
		F7CF587C1FBD9FDA00027852 /* ViewController.swift in Sources */ = {isa = PBXBuildFile; fileRef = F7CF587B1FBD9FDA00027852 /* ViewController.swift */; };
		F7CF58811FBD9FDA00027852 /* Assets.xcassets in Resources */ = {isa = PBXBuildFile; fileRef = F7CF58801FBD9FDA00027852 /* Assets.xcassets */; };
/* End PBXBuildFile section */

/* Begin PBXCopyFilesBuildPhase section */
		F7BC8D751FBF192100DCD212 /* Copy Frameworks */ = {
			isa = PBXCopyFilesBuildPhase;
			buildActionMask = 2147483647;
			dstPath = "";
			dstSubfolderSpec = 10;
			files = (
				F704FFB51FE40F650027F6C5 /* SnipsPlatform.framework in Copy Frameworks */,
			);
			name = "Copy Frameworks";
			runOnlyForDeploymentPostprocessing = 0;
		};
/* End PBXCopyFilesBuildPhase section */

/* Begin PBXFileReference section */
		F704FFB41FE40F600027F6C5 /* SnipsPlatform.framework */ = {isa = PBXFileReference; explicitFileType = wrapper.framework; path = SnipsPlatform.framework; sourceTree = BUILT_PRODUCTS_DIR; };
		F7A8290420976BA7007554FE /* assistant */ = {isa = PBXFileReference; lastKnownFileType = folder; path = assistant; sourceTree = "<group>"; };
		F7BB4FE11FBF2F40005243F0 /* Accelerate.framework */ = {isa = PBXFileReference; lastKnownFileType = wrapper.framework; name = Accelerate.framework; path = System/Library/Frameworks/Accelerate.framework; sourceTree = SDKROOT; };
		F7CF58761FBD9FDA00027852 /* SnipsPlatformDemo.app */ = {isa = PBXFileReference; explicitFileType = wrapper.application; includeInIndex = 0; path = SnipsPlatformDemo.app; sourceTree = BUILT_PRODUCTS_DIR; };
		F7CF58791FBD9FDA00027852 /* AppDelegate.swift */ = {isa = PBXFileReference; lastKnownFileType = sourcecode.swift; path = AppDelegate.swift; sourceTree = "<group>"; };
		F7CF587B1FBD9FDA00027852 /* ViewController.swift */ = {isa = PBXFileReference; lastKnownFileType = sourcecode.swift; path = ViewController.swift; sourceTree = "<group>"; };
		F7CF58801FBD9FDA00027852 /* Assets.xcassets */ = {isa = PBXFileReference; lastKnownFileType = folder.assetcatalog; path = Assets.xcassets; sourceTree = "<group>"; };
		F7CF58851FBD9FDA00027852 /* Info.plist */ = {isa = PBXFileReference; lastKnownFileType = text.plist.xml; path = Info.plist; sourceTree = "<group>"; };
/* End PBXFileReference section */

/* Begin PBXFrameworksBuildPhase section */
		F7CF58731FBD9FDA00027852 /* Frameworks */ = {
			isa = PBXFrameworksBuildPhase;
			buildActionMask = 2147483647;
			files = (
				F7BB4FE21FBF2F56005243F0 /* Accelerate.framework in Frameworks */,
			);
			runOnlyForDeploymentPostprocessing = 0;
		};
/* End PBXFrameworksBuildPhase section */

/* Begin PBXGroup section */
		F73956FA1FBDDB1D005AAD1D /* Frameworks */ = {
			isa = PBXGroup;
			children = (
				F704FFB41FE40F600027F6C5 /* SnipsPlatform.framework */,
				F7BB4FE11FBF2F40005243F0 /* Accelerate.framework */,
			);
			name = Frameworks;
			sourceTree = "<group>";
		};
		F7CF586D1FBD9FDA00027852 = {
			isa = PBXGroup;
			children = (
				F7CF58781FBD9FDA00027852 /* SnipsPlatformDemo */,
				F7CF58771FBD9FDA00027852 /* Products */,
				F73956FA1FBDDB1D005AAD1D /* Frameworks */,
			);
			sourceTree = "<group>";
		};
		F7CF58771FBD9FDA00027852 /* Products */ = {
			isa = PBXGroup;
			children = (
				F7CF58761FBD9FDA00027852 /* SnipsPlatformDemo.app */,
			);
			name = Products;
			sourceTree = "<group>";
		};
		F7CF58781FBD9FDA00027852 /* SnipsPlatformDemo */ = {
			isa = PBXGroup;
			children = (
				F7CF58791FBD9FDA00027852 /* AppDelegate.swift */,
				F7CF587B1FBD9FDA00027852 /* ViewController.swift */,
				F7A8290420976BA7007554FE /* assistant */,
				F7CF58801FBD9FDA00027852 /* Assets.xcassets */,
				F7CF58851FBD9FDA00027852 /* Info.plist */,
			);
			path = SnipsPlatformDemo;
			sourceTree = "<group>";
		};
/* End PBXGroup section */

/* Begin PBXNativeTarget section */
		F7CF58751FBD9FDA00027852 /* SnipsPlatformDemo */ = {
			isa = PBXNativeTarget;
			buildConfigurationList = F7CF58881FBD9FDA00027852 /* Build configuration list for PBXNativeTarget "SnipsPlatformDemo" */;
			buildPhases = (
				F7CF58721FBD9FDA00027852 /* Sources */,
				F7CF58731FBD9FDA00027852 /* Frameworks */,
				F7CF58741FBD9FDA00027852 /* Resources */,
				F7BC8D751FBF192100DCD212 /* Copy Frameworks */,
			);
			buildRules = (
			);
			dependencies = (
			);
			name = SnipsPlatformDemo;
			productName = SnipsPlatformDemo;
			productReference = F7CF58761FBD9FDA00027852 /* SnipsPlatformDemo.app */;
			productType = "com.apple.product-type.application";
		};
/* End PBXNativeTarget section */

/* Begin PBXProject section */
		F7CF586E1FBD9FDA00027852 /* Project object */ = {
			isa = PBXProject;
			attributes = {
				LastSwiftUpdateCheck = 0910;
				LastUpgradeCheck = 0930;
				ORGANIZATIONNAME = Snips;
				TargetAttributes = {
					F7CF58751FBD9FDA00027852 = {
						CreatedOnToolsVersion = 9.1;
						LastSwiftMigration = 1000;
						ProvisioningStyle = Automatic;
						SystemCapabilities = {
							com.apple.iCloud = {
								enabled = 0;
							};
						};
					};
				};
			};
			buildConfigurationList = F7CF58711FBD9FDA00027852 /* Build configuration list for PBXProject "SnipsPlatformDemo" */;
			compatibilityVersion = "Xcode 8.0";
			developmentRegion = en;
			hasScannedForEncodings = 0;
			knownRegions = (
				en,
				Base,
			);
			mainGroup = F7CF586D1FBD9FDA00027852;
			productRefGroup = F7CF58771FBD9FDA00027852 /* Products */;
			projectDirPath = "";
			projectRoot = "";
			targets = (
				F7CF58751FBD9FDA00027852 /* SnipsPlatformDemo */,
			);
		};
/* End PBXProject section */

/* Begin PBXResourcesBuildPhase section */
		F7CF58741FBD9FDA00027852 /* Resources */ = {
			isa = PBXResourcesBuildPhase;
			buildActionMask = 2147483647;
			files = (
				F7CF58811FBD9FDA00027852 /* Assets.xcassets in Resources */,
				F7A8290520976BA7007554FE /* assistant in Resources */,
			);
			runOnlyForDeploymentPostprocessing = 0;
		};
/* End PBXResourcesBuildPhase section */

/* Begin PBXSourcesBuildPhase section */
		F7CF58721FBD9FDA00027852 /* Sources */ = {
			isa = PBXSourcesBuildPhase;
			buildActionMask = 2147483647;
			files = (
				F7CF587C1FBD9FDA00027852 /* ViewController.swift in Sources */,
				F7CF587A1FBD9FDA00027852 /* AppDelegate.swift in Sources */,
			);
			runOnlyForDeploymentPostprocessing = 0;
		};
/* End PBXSourcesBuildPhase section */

/* Begin XCBuildConfiguration section */
		F7CF58861FBD9FDA00027852 /* Debug */ = {
			isa = XCBuildConfiguration;
			buildSettings = {
				ALWAYS_SEARCH_USER_PATHS = NO;
				CLANG_ANALYZER_NONNULL = YES;
				CLANG_ANALYZER_NUMBER_OBJECT_CONVERSION = YES_AGGRESSIVE;
				CLANG_CXX_LANGUAGE_STANDARD = "gnu++14";
				CLANG_CXX_LIBRARY = "libc++";
				CLANG_ENABLE_MODULES = YES;
				CLANG_ENABLE_OBJC_ARC = YES;
				CLANG_WARN_BLOCK_CAPTURE_AUTORELEASING = YES;
				CLANG_WARN_BOOL_CONVERSION = YES;
				CLANG_WARN_COMMA = YES;
				CLANG_WARN_CONSTANT_CONVERSION = YES;
				CLANG_WARN_DEPRECATED_OBJC_IMPLEMENTATIONS = YES;
				CLANG_WARN_DIRECT_OBJC_ISA_USAGE = YES_ERROR;
				CLANG_WARN_DOCUMENTATION_COMMENTS = YES;
				CLANG_WARN_EMPTY_BODY = YES;
				CLANG_WARN_ENUM_CONVERSION = YES;
				CLANG_WARN_INFINITE_RECURSION = YES;
				CLANG_WARN_INT_CONVERSION = YES;
				CLANG_WARN_NON_LITERAL_NULL_CONVERSION = YES;
				CLANG_WARN_OBJC_IMPLICIT_RETAIN_SELF = YES;
				CLANG_WARN_OBJC_LITERAL_CONVERSION = YES;
				CLANG_WARN_OBJC_ROOT_CLASS = YES_ERROR;
				CLANG_WARN_RANGE_LOOP_ANALYSIS = YES;
				CLANG_WARN_STRICT_PROTOTYPES = YES;
				CLANG_WARN_SUSPICIOUS_MOVE = YES;
				CLANG_WARN_UNGUARDED_AVAILABILITY = YES_AGGRESSIVE;
				CLANG_WARN_UNREACHABLE_CODE = YES;
				CLANG_WARN__DUPLICATE_METHOD_MATCH = YES;
				CODE_SIGN_IDENTITY = "iPhone Developer";
				COPY_PHASE_STRIP = NO;
				DEBUG_INFORMATION_FORMAT = dwarf;
				ENABLE_STRICT_OBJC_MSGSEND = YES;
				ENABLE_TESTABILITY = YES;
				GCC_C_LANGUAGE_STANDARD = gnu11;
				GCC_DYNAMIC_NO_PIC = NO;
				GCC_NO_COMMON_BLOCKS = YES;
				GCC_OPTIMIZATION_LEVEL = 0;
				GCC_PREPROCESSOR_DEFINITIONS = (
					"DEBUG=1",
					"$(inherited)",
				);
				GCC_WARN_64_TO_32_BIT_CONVERSION = YES;
				GCC_WARN_ABOUT_RETURN_TYPE = YES_ERROR;
				GCC_WARN_UNDECLARED_SELECTOR = YES;
				GCC_WARN_UNINITIALIZED_AUTOS = YES_AGGRESSIVE;
				GCC_WARN_UNUSED_FUNCTION = YES;
				GCC_WARN_UNUSED_VARIABLE = YES;
				IPHONEOS_DEPLOYMENT_TARGET = 11.0;
				MTL_ENABLE_DEBUG_INFO = YES;
				ONLY_ACTIVE_ARCH = YES;
				SDKROOT = iphoneos;
				SWIFT_ACTIVE_COMPILATION_CONDITIONS = DEBUG;
				SWIFT_OPTIMIZATION_LEVEL = "-Onone";
				SWIFT_VERSION = 4.0;
			};
			name = Debug;
		};
		F7CF58871FBD9FDA00027852 /* Release */ = {
			isa = XCBuildConfiguration;
			buildSettings = {
				ALWAYS_SEARCH_USER_PATHS = NO;
				CLANG_ANALYZER_NONNULL = YES;
				CLANG_ANALYZER_NUMBER_OBJECT_CONVERSION = YES_AGGRESSIVE;
				CLANG_CXX_LANGUAGE_STANDARD = "gnu++14";
				CLANG_CXX_LIBRARY = "libc++";
				CLANG_ENABLE_MODULES = YES;
				CLANG_ENABLE_OBJC_ARC = YES;
				CLANG_WARN_BLOCK_CAPTURE_AUTORELEASING = YES;
				CLANG_WARN_BOOL_CONVERSION = YES;
				CLANG_WARN_COMMA = YES;
				CLANG_WARN_CONSTANT_CONVERSION = YES;
				CLANG_WARN_DEPRECATED_OBJC_IMPLEMENTATIONS = YES;
				CLANG_WARN_DIRECT_OBJC_ISA_USAGE = YES_ERROR;
				CLANG_WARN_DOCUMENTATION_COMMENTS = YES;
				CLANG_WARN_EMPTY_BODY = YES;
				CLANG_WARN_ENUM_CONVERSION = YES;
				CLANG_WARN_INFINITE_RECURSION = YES;
				CLANG_WARN_INT_CONVERSION = YES;
				CLANG_WARN_NON_LITERAL_NULL_CONVERSION = YES;
				CLANG_WARN_OBJC_IMPLICIT_RETAIN_SELF = YES;
				CLANG_WARN_OBJC_LITERAL_CONVERSION = YES;
				CLANG_WARN_OBJC_ROOT_CLASS = YES_ERROR;
				CLANG_WARN_RANGE_LOOP_ANALYSIS = YES;
				CLANG_WARN_STRICT_PROTOTYPES = YES;
				CLANG_WARN_SUSPICIOUS_MOVE = YES;
				CLANG_WARN_UNGUARDED_AVAILABILITY = YES_AGGRESSIVE;
				CLANG_WARN_UNREACHABLE_CODE = YES;
				CLANG_WARN__DUPLICATE_METHOD_MATCH = YES;
				CODE_SIGN_IDENTITY = "iPhone Developer";
				COPY_PHASE_STRIP = NO;
				DEBUG_INFORMATION_FORMAT = "dwarf-with-dsym";
				ENABLE_NS_ASSERTIONS = NO;
				ENABLE_STRICT_OBJC_MSGSEND = YES;
				GCC_C_LANGUAGE_STANDARD = gnu11;
				GCC_NO_COMMON_BLOCKS = YES;
				GCC_WARN_64_TO_32_BIT_CONVERSION = YES;
				GCC_WARN_ABOUT_RETURN_TYPE = YES_ERROR;
				GCC_WARN_UNDECLARED_SELECTOR = YES;
				GCC_WARN_UNINITIALIZED_AUTOS = YES_AGGRESSIVE;
				GCC_WARN_UNUSED_FUNCTION = YES;
				GCC_WARN_UNUSED_VARIABLE = YES;
				IPHONEOS_DEPLOYMENT_TARGET = 11.0;
				MTL_ENABLE_DEBUG_INFO = NO;
				SDKROOT = iphoneos;
				SWIFT_OPTIMIZATION_LEVEL = "-Owholemodule";
				SWIFT_VERSION = 4.0;
				VALIDATE_PRODUCT = YES;
			};
			name = Release;
		};
		F7CF58891FBD9FDA00027852 /* Debug */ = {
			isa = XCBuildConfiguration;
			buildSettings = {
				ASSETCATALOG_COMPILER_APPICON_NAME = AppIcon;
				CODE_SIGN_IDENTITY = "iPhone Developer";
				CODE_SIGN_STYLE = Automatic;
				DEVELOPMENT_TEAM = 624UGX87P6;
				ENABLE_BITCODE = NO;
				INFOPLIST_FILE = SnipsPlatformDemo/Info.plist;
				LD_RUNPATH_SEARCH_PATHS = "$(inherited) @executable_path/Frameworks";
				LIBRARY_SEARCH_PATHS = "$(PROJECT_DIR)/../Dependencies/ios";
				PRODUCT_BUNDLE_IDENTIFIER = ai.snips.SnipsPlatformDemo;
				PRODUCT_NAME = "$(TARGET_NAME)";
				PROVISIONING_PROFILE_SPECIFIER = "";
				TARGETED_DEVICE_FAMILY = "1,2";
			};
			name = Debug;
		};
		F7CF588A1FBD9FDA00027852 /* Release */ = {
			isa = XCBuildConfiguration;
			buildSettings = {
				ASSETCATALOG_COMPILER_APPICON_NAME = AppIcon;
				CODE_SIGN_IDENTITY = "iPhone Developer";
				CODE_SIGN_STYLE = Automatic;
				DEVELOPMENT_TEAM = 624UGX87P6;
				ENABLE_BITCODE = NO;
				INFOPLIST_FILE = SnipsPlatformDemo/Info.plist;
				LD_RUNPATH_SEARCH_PATHS = "$(inherited) @executable_path/Frameworks";
				LIBRARY_SEARCH_PATHS = "$(PROJECT_DIR)/../Dependencies/ios";
				PRODUCT_BUNDLE_IDENTIFIER = ai.snips.SnipsPlatformDemo;
				PRODUCT_NAME = "$(TARGET_NAME)";
				PROVISIONING_PROFILE_SPECIFIER = "";
				TARGETED_DEVICE_FAMILY = "1,2";
			};
			name = Release;
		};
/* End XCBuildConfiguration section */

/* Begin XCConfigurationList section */
		F7CF58711FBD9FDA00027852 /* Build configuration list for PBXProject "SnipsPlatformDemo" */ = {
			isa = XCConfigurationList;
			buildConfigurations = (
				F7CF58861FBD9FDA00027852 /* Debug */,
				F7CF58871FBD9FDA00027852 /* Release */,
			);
			defaultConfigurationIsVisible = 0;
			defaultConfigurationName = Release;
		};
		F7CF58881FBD9FDA00027852 /* Build configuration list for PBXNativeTarget "SnipsPlatformDemo" */ = {
			isa = XCConfigurationList;
			buildConfigurations = (
				F7CF58891FBD9FDA00027852 /* Debug */,
				F7CF588A1FBD9FDA00027852 /* Release */,
			);
			defaultConfigurationIsVisible = 0;
			defaultConfigurationName = Release;
		};
/* End XCConfigurationList section */
	};
	rootObject = F7CF586E1FBD9FDA00027852 /* Project object */;
}
